
Microsoft Visual Studio Solution File, Format Version 12.00
# Visual Studio Version 17
VisualStudioVersion = 17.12.35506.116 d17.12
MinimumVisualStudioVersion = 10.0.40219.1
Project("{FAE04EC0-301F-11D3-BF4B-00C04F79EFBC}") = "ITBoostUP.Presentation", "ITBoostUP.Presentation\ITBoostUP.Presentation.csproj", "{5611F43C-4A36-418B-B871-24936CFC3262}"
EndProject
Project("{FAE04EC0-301F-11D3-BF4B-00C04F79EFBC}") = "ITBoostUp.BussinessLayer", "ITBoostUp.BussinessLayer\ITBoostUp.BussinessLayer.csproj", "{1A715654-1F9E-45EB-9D95-B65C984EAF37}"
EndProject
Project("{FAE04EC0-301F-11D3-BF4B-00C04F79EFBC}") = "ITBoostUp.DataAccessLayer", "ITBoostUp.DataAccessLayer\ITBoostUp.DataAccessLayer.csproj", "{89018C38-037A-46AB-A09A-4B8D3962014E}"
EndProject
Project("{FAE04EC0-301F-11D3-BF4B-00C04F79EFBC}") = "ITBoostUp.UnitTest", "ITBoostUp.UnitTest\ITBoostUp.UnitTest.csproj", "{B7857D5B-5B80-4F11-831F-8E915EE717D1}"
EndProject
Global
	GlobalSection(SolutionConfigurationPlatforms) = preSolution
		Debug|Any CPU = Debug|Any CPU
		Release|Any CPU = Release|Any CPU
	EndGlobalSection
	GlobalSection(ProjectConfigurationPlatforms) = postSolution
		{5611F43C-4A36-418B-B871-24936CFC3262}.Debug|Any CPU.ActiveCfg = Debug|Any CPU
		{5611F43C-4A36-418B-B871-24936CFC3262}.Debug|Any CPU.Build.0 = Debug|Any CPU
		{5611F43C-4A36-418B-B871-24936CFC3262}.Release|Any CPU.ActiveCfg = Release|Any CPU
		{5611F43C-4A36-418B-B871-24936CFC3262}.Release|Any CPU.Build.0 = Release|Any CPU
		{1A715654-1F9E-45EB-9D95-B65C984EAF37}.Debug|Any CPU.ActiveCfg = Debug|Any CPU
		{1A715654-1F9E-45EB-9D95-B65C984EAF37}.Debug|Any CPU.Build.0 = Debug|Any CPU
		{1A715654-1F9E-45EB-9D95-B65C984EAF37}.Release|Any CPU.ActiveCfg = Release|Any CPU
		{1A715654-1F9E-45EB-9D95-B65C984EAF37}.Release|Any CPU.Build.0 = Release|Any CPU
		{89018C38-037A-46AB-A09A-4B8D3962014E}.Debug|Any CPU.ActiveCfg = Debug|Any CPU
		{89018C38-037A-46AB-A09A-4B8D3962014E}.Debug|Any CPU.Build.0 = Debug|Any CPU
		{89018C38-037A-46AB-A09A-4B8D3962014E}.Release|Any CPU.ActiveCfg = Release|Any CPU
		{89018C38-037A-46AB-A09A-4B8D3962014E}.Release|Any CPU.Build.0 = Release|Any CPU
		{B7857D5B-5B80-4F11-831F-8E915EE717D1}.Debug|Any CPU.ActiveCfg = Debug|Any CPU
		{B7857D5B-5B80-4F11-831F-8E915EE717D1}.Debug|Any CPU.Build.0 = Debug|Any CPU
		{B7857D5B-5B80-4F11-831F-8E915EE717D1}.Release|Any CPU.ActiveCfg = Release|Any CPU
		{B7857D5B-5B80-4F11-831F-8E915EE717D1}.Release|Any CPU.Build.0 = Release|Any CPU
	EndGlobalSection
	GlobalSection(SolutionProperties) = preSolution
		HideSolutionNode = FALSE
	EndGlobalSection
EndGlobal
